// !$*UTF8*$!
{
	archiveVersion = 1;
	classes = {
	};
	objectVersion = 50;
	objects = {

/* Begin PBXBuildFile section */
		70F66189209014AE00B294BB /* AppDelegate.swift in Sources */ = {isa = PBXBuildFile; fileRef = 70F66188209014AE00B294BB /* AppDelegate.swift */; };
		70F6618B209014AE00B294BB /* UsersListViewController.swift in Sources */ = {isa = PBXBuildFile; fileRef = 70F6618A209014AE00B294BB /* UsersListViewController.swift */; };
		70F6618E209014AE00B294BB /* Main.storyboard in Resources */ = {isa = PBXBuildFile; fileRef = 70F6618C209014AE00B294BB /* Main.storyboard */; };
		70F66190209014AF00B294BB /* Assets.xcassets in Resources */ = {isa = PBXBuildFile; fileRef = 70F6618F209014AF00B294BB /* Assets.xcassets */; };
		70F66193209014AF00B294BB /* LaunchScreen.storyboard in Resources */ = {isa = PBXBuildFile; fileRef = 70F66191209014AF00B294BB /* LaunchScreen.storyboard */; };
		70F6619E2090176300B294BB /* RegistrationUserViewController.swift in Sources */ = {isa = PBXBuildFile; fileRef = 70F6619D2090176300B294BB /* RegistrationUserViewController.swift */; };
		70F661A120901AEA00B294BB /* User.swift in Sources */ = {isa = PBXBuildFile; fileRef = 70F661A020901AEA00B294BB /* User.swift */; };
		70F661A420901F0400B294BB /* DataAccess.swift in Sources */ = {isa = PBXBuildFile; fileRef = 70F661A320901F0400B294BB /* DataAccess.swift */; };
		70F661AC209060BB00B294BB /* UsersListViewModel.swift in Sources */ = {isa = PBXBuildFile; fileRef = 70F661AB209060BB00B294BB /* UsersListViewModel.swift */; };
		70F661AE209065B100B294BB /* RegistrationViewModel.swift in Sources */ = {isa = PBXBuildFile; fileRef = 70F661AD209065B100B294BB /* RegistrationViewModel.swift */; };
/* End PBXBuildFile section */

/* Begin PBXFileReference section */
		70F66185209014AE00B294BB /* MVVM.app */ = {isa = PBXFileReference; explicitFileType = wrapper.application; includeInIndex = 0; path = MVVM.app; sourceTree = BUILT_PRODUCTS_DIR; };
		70F66188209014AE00B294BB /* AppDelegate.swift */ = {isa = PBXFileReference; lastKnownFileType = sourcecode.swift; path = AppDelegate.swift; sourceTree = "<group>"; };
		70F6618A209014AE00B294BB /* UsersListViewController.swift */ = {isa = PBXFileReference; lastKnownFileType = sourcecode.swift; path = UsersListViewController.swift; sourceTree = "<group>"; };
		70F6618D209014AE00B294BB /* Base */ = {isa = PBXFileReference; lastKnownFileType = file.storyboard; name = Base; path = Base.lproj/Main.storyboard; sourceTree = "<group>"; };
		70F6618F209014AF00B294BB /* Assets.xcassets */ = {isa = PBXFileReference; lastKnownFileType = folder.assetcatalog; path = Assets.xcassets; sourceTree = "<group>"; };
		70F66192209014AF00B294BB /* Base */ = {isa = PBXFileReference; lastKnownFileType = file.storyboard; name = Base; path = Base.lproj/LaunchScreen.storyboard; sourceTree = "<group>"; };
		70F66194209014AF00B294BB /* Info.plist */ = {isa = PBXFileReference; lastKnownFileType = text.plist.xml; path = Info.plist; sourceTree = "<group>"; };
		70F6619D2090176300B294BB /* RegistrationUserViewController.swift */ = {isa = PBXFileReference; lastKnownFileType = sourcecode.swift; path = RegistrationUserViewController.swift; sourceTree = "<group>"; };
		70F661A020901AEA00B294BB /* User.swift */ = {isa = PBXFileReference; lastKnownFileType = sourcecode.swift; path = User.swift; sourceTree = "<group>"; };
		70F661A320901F0400B294BB /* DataAccess.swift */ = {isa = PBXFileReference; lastKnownFileType = sourcecode.swift; path = DataAccess.swift; sourceTree = "<group>"; };
		70F661AB209060BB00B294BB /* UsersListViewModel.swift */ = {isa = PBXFileReference; lastKnownFileType = sourcecode.swift; path = UsersListViewModel.swift; sourceTree = "<group>"; };
		70F661AD209065B100B294BB /* RegistrationViewModel.swift */ = {isa = PBXFileReference; lastKnownFileType = sourcecode.swift; path = RegistrationViewModel.swift; sourceTree = "<group>"; };
/* End PBXFileReference section */

/* Begin PBXFrameworksBuildPhase section */
		70F66182209014AE00B294BB /* Frameworks */ = {
			isa = PBXFrameworksBuildPhase;
			buildActionMask = 2147483647;
			files = (
			);
			runOnlyForDeploymentPostprocessing = 0;
		};
/* End PBXFrameworksBuildPhase section */

/* Begin PBXGroup section */
		70F6617C209014AE00B294BB = {
			isa = PBXGroup;
			children = (
				70F66187209014AE00B294BB /* MVVM */,
				70F66186209014AE00B294BB /* Products */,
			);
			sourceTree = "<group>";
		};
		70F66186209014AE00B294BB /* Products */ = {
			isa = PBXGroup;
			children = (
				70F66185209014AE00B294BB /* MVVM.app */,
			);
			name = Products;
			sourceTree = "<group>";
		};
		70F66187209014AE00B294BB /* MVVM */ = {
			isa = PBXGroup;
			children = (
				70F66188209014AE00B294BB /* AppDelegate.swift */,
				70F6618F209014AF00B294BB /* Assets.xcassets */,
				70F6619B209014D500B294BB /* Controllers */,
				70F66194209014AF00B294BB /* Info.plist */,
				70F6619F20901ACF00B294BB /* Model */,
				70F6619A209014BB00B294BB /* Stroyboard */,
			);
			path = MVVM;
			sourceTree = "<group>";
		};
		70F6619A209014BB00B294BB /* Stroyboard */ = {
			isa = PBXGroup;
			children = (
				70F6618C209014AE00B294BB /* Main.storyboard */,
				70F66191209014AF00B294BB /* LaunchScreen.storyboard */,
			);
			path = Stroyboard;
			sourceTree = "<group>";
		};
		70F6619B209014D500B294BB /* Controllers */ = {
			isa = PBXGroup;
			children = (
				70F661A220901E5500B294BB /* Users List View Controller */,
				70F6619C2090173000B294BB /* Registration User View Controller */,
			);
			path = Controllers;
			sourceTree = "<group>";
		};
		70F6619C2090173000B294BB /* Registration User View Controller */ = {
			isa = PBXGroup;
			children = (
				70F6619D2090176300B294BB /* RegistrationUserViewController.swift */,
				70F661AA2090608100B294BB /* View Model */,
			);
			path = "Registration User View Controller";
			sourceTree = "<group>";
		};
		70F6619F20901ACF00B294BB /* Model */ = {
			isa = PBXGroup;
			children = (
				70F661A020901AEA00B294BB /* User.swift */,
				70F661A320901F0400B294BB /* DataAccess.swift */,
			);
			path = Model;
			sourceTree = "<group>";
		};
		70F661A220901E5500B294BB /* Users List View Controller */ = {
			isa = PBXGroup;
			children = (
				70F6618A209014AE00B294BB /* UsersListViewController.swift */,
				70F661A92090607400B294BB /* View Model */,
			);
			path = "Users List View Controller";
			sourceTree = "<group>";
		};
		70F661A92090607400B294BB /* View Model */ = {
			isa = PBXGroup;
			children = (
				70F661AB209060BB00B294BB /* UsersListViewModel.swift */,
			);
			path = "View Model";
			sourceTree = "<group>";
		};
		70F661AA2090608100B294BB /* View Model */ = {
			isa = PBXGroup;
			children = (
				70F661AD209065B100B294BB /* RegistrationViewModel.swift */,
			);
			path = "View Model";
			sourceTree = "<group>";
		};
/* End PBXGroup section */

/* Begin PBXNativeTarget section */
		70F66184209014AE00B294BB /* MVVM */ = {
			isa = PBXNativeTarget;
			buildConfigurationList = 70F66197209014B000B294BB /* Build configuration list for PBXNativeTarget "MVVM" */;
			buildPhases = (
				70F66181209014AE00B294BB /* Sources */,
				70F66182209014AE00B294BB /* Frameworks */,
				70F66183209014AE00B294BB /* Resources */,
			);
			buildRules = (
			);
			dependencies = (
			);
			name = MVVM;
			productName = MVVM;
			productReference = 70F66185209014AE00B294BB /* MVVM.app */;
			productType = "com.apple.product-type.application";
		};
/* End PBXNativeTarget section */

/* Begin PBXProject section */
		70F6617D209014AE00B294BB /* Project object */ = {
			isa = PBXProject;
			attributes = {
				LastSwiftUpdateCheck = 0930;
				LastUpgradeCheck = 0930;
				ORGANIZATIONNAME = PinguMac;
				TargetAttributes = {
					70F66184209014AE00B294BB = {
						CreatedOnToolsVersion = 9.3;
					};
				};
			};
			buildConfigurationList = 70F66180209014AE00B294BB /* Build configuration list for PBXProject "MVVM" */;
			compatibilityVersion = "Xcode 9.3";
			developmentRegion = en;
			hasScannedForEncodings = 0;
			knownRegions = (
				en,
				Base,
			);
			mainGroup = 70F6617C209014AE00B294BB;
			productRefGroup = 70F66186209014AE00B294BB /* Products */;
			projectDirPath = "";
			projectRoot = "";
			targets = (
				70F66184209014AE00B294BB /* MVVM */,
			);
		};
/* End PBXProject section */

/* Begin PBXResourcesBuildPhase section */
		70F66183209014AE00B294BB /* Resources */ = {
			isa = PBXResourcesBuildPhase;
			buildActionMask = 2147483647;
			files = (
				70F66193209014AF00B294BB /* LaunchScreen.storyboard in Resources */,
				70F66190209014AF00B294BB /* Assets.xcassets in Resources */,
				70F6618E209014AE00B294BB /* Main.storyboard in Resources */,
			);
			runOnlyForDeploymentPostprocessing = 0;
		};
/* End PBXResourcesBuildPhase section */

/* Begin PBXSourcesBuildPhase section */
		70F66181209014AE00B294BB /* Sources */ = {
			isa = PBXSourcesBuildPhase;
			buildActionMask = 2147483647;
			files = (
				70F661A120901AEA00B294BB /* User.swift in Sources */,
				70F661AC209060BB00B294BB /* UsersListViewModel.swift in Sources */,
				70F6618B209014AE00B294BB /* UsersListViewController.swift in Sources */,
				70F661AE209065B100B294BB /* RegistrationViewModel.swift in Sources */,
				70F66189209014AE00B294BB /* AppDelegate.swift in Sources */,
				70F6619E2090176300B294BB /* RegistrationUserViewController.swift in Sources */,
				70F661A420901F0400B294BB /* DataAccess.swift in Sources */,
			);
			runOnlyForDeploymentPostprocessing = 0;
		};
/* End PBXSourcesBuildPhase section */

/* Begin PBXVariantGroup section */
		70F6618C209014AE00B294BB /* Main.storyboard */ = {
			isa = PBXVariantGroup;
			children = (
				70F6618D209014AE00B294BB /* Base */,
			);
			name = Main.storyboard;
			sourceTree = "<group>";
		};
		70F66191209014AF00B294BB /* LaunchScreen.storyboard */ = {
			isa = PBXVariantGroup;
			children = (
				70F66192209014AF00B294BB /* Base */,
			);
			name = LaunchScreen.storyboard;
			sourceTree = "<group>";
		};
/* End PBXVariantGroup section */

/* Begin XCBuildConfiguration section */
		70F66195209014B000B294BB /* Debug */ = {
			isa = XCBuildConfiguration;
			buildSettings = {
				ALWAYS_SEARCH_USER_PATHS = NO;
				CLANG_ANALYZER_NONNULL = YES;
				CLANG_ANALYZER_NUMBER_OBJECT_CONVERSION = YES_AGGRESSIVE;
				CLANG_CXX_LANGUAGE_STANDARD = "gnu++14";
				CLANG_CXX_LIBRARY = "libc++";
				CLANG_ENABLE_MODULES = YES;
				CLANG_ENABLE_OBJC_ARC = YES;
				CLANG_ENABLE_OBJC_WEAK = YES;
				CLANG_WARN_BLOCK_CAPTURE_AUTORELEASING = YES;
				CLANG_WARN_BOOL_CONVERSION = YES;
				CLANG_WARN_COMMA = YES;
				CLANG_WARN_CONSTANT_CONVERSION = YES;
				CLANG_WARN_DEPRECATED_OBJC_IMPLEMENTATIONS = YES;
				CLANG_WARN_DIRECT_OBJC_ISA_USAGE = YES_ERROR;
				CLANG_WARN_DOCUMENTATION_COMMENTS = YES;
				CLANG_WARN_EMPTY_BODY = YES;
				CLANG_WARN_ENUM_CONVERSION = YES;
				CLANG_WARN_INFINITE_RECURSION = YES;
				CLANG_WARN_INT_CONVERSION = YES;
				CLANG_WARN_NON_LITERAL_NULL_CONVERSION = YES;
				CLANG_WARN_OBJC_IMPLICIT_RETAIN_SELF = YES;
				CLANG_WARN_OBJC_LITERAL_CONVERSION = YES;
				CLANG_WARN_OBJC_ROOT_CLASS = YES_ERROR;
				CLANG_WARN_RANGE_LOOP_ANALYSIS = YES;
				CLANG_WARN_STRICT_PROTOTYPES = YES;
				CLANG_WARN_SUSPICIOUS_MOVE = YES;
				CLANG_WARN_UNGUARDED_AVAILABILITY = YES_AGGRESSIVE;
				CLANG_WARN_UNREACHABLE_CODE = YES;
				CLANG_WARN__DUPLICATE_METHOD_MATCH = YES;
				CODE_SIGN_IDENTITY = "iPhone Developer";
				COPY_PHASE_STRIP = NO;
				DEBUG_INFORMATION_FORMAT = dwarf;
				ENABLE_STRICT_OBJC_MSGSEND = YES;
				ENABLE_TESTABILITY = YES;
				GCC_C_LANGUAGE_STANDARD = gnu11;
				GCC_DYNAMIC_NO_PIC = NO;
				GCC_NO_COMMON_BLOCKS = YES;
				GCC_OPTIMIZATION_LEVEL = 0;
				GCC_PREPROCESSOR_DEFINITIONS = (
					"DEBUG=1",
					"$(inherited)",
				);
				GCC_WARN_64_TO_32_BIT_CONVERSION = YES;
				GCC_WARN_ABOUT_RETURN_TYPE = YES_ERROR;
				GCC_WARN_UNDECLARED_SELECTOR = YES;
				GCC_WARN_UNINITIALIZED_AUTOS = YES_AGGRESSIVE;
				GCC_WARN_UNUSED_FUNCTION = YES;
				GCC_WARN_UNUSED_VARIABLE = YES;
				IPHONEOS_DEPLOYMENT_TARGET = 11.3;
				MTL_ENABLE_DEBUG_INFO = YES;
				ONLY_ACTIVE_ARCH = YES;
				SDKROOT = iphoneos;
				SWIFT_ACTIVE_COMPILATION_CONDITIONS = DEBUG;
				SWIFT_OPTIMIZATION_LEVEL = "-Onone";
			};
			name = Debug;
		};
		70F66196209014B000B294BB /* Release */ = {
			isa = XCBuildConfiguration;
			buildSettings = {
				ALWAYS_SEARCH_USER_PATHS = NO;
				CLANG_ANALYZER_NONNULL = YES;
				CLANG_ANALYZER_NUMBER_OBJECT_CONVERSION = YES_AGGRESSIVE;
				CLANG_CXX_LANGUAGE_STANDARD = "gnu++14";
				CLANG_CXX_LIBRARY = "libc++";
				CLANG_ENABLE_MODULES = YES;
				CLANG_ENABLE_OBJC_ARC = YES;
				CLANG_ENABLE_OBJC_WEAK = YES;
				CLANG_WARN_BLOCK_CAPTURE_AUTORELEASING = YES;
				CLANG_WARN_BOOL_CONVERSION = YES;
				CLANG_WARN_COMMA = YES;
				CLANG_WARN_CONSTANT_CONVERSION = YES;
				CLANG_WARN_DEPRECATED_OBJC_IMPLEMENTATIONS = YES;
				CLANG_WARN_DIRECT_OBJC_ISA_USAGE = YES_ERROR;
				CLANG_WARN_DOCUMENTATION_COMMENTS = YES;
				CLANG_WARN_EMPTY_BODY = YES;
				CLANG_WARN_ENUM_CONVERSION = YES;
				CLANG_WARN_INFINITE_RECURSION = YES;
				CLANG_WARN_INT_CONVERSION = YES;
				CLANG_WARN_NON_LITERAL_NULL_CONVERSION = YES;
				CLANG_WARN_OBJC_IMPLICIT_RETAIN_SELF = YES;
				CLANG_WARN_OBJC_LITERAL_CONVERSION = YES;
				CLANG_WARN_OBJC_ROOT_CLASS = YES_ERROR;
				CLANG_WARN_RANGE_LOOP_ANALYSIS = YES;
				CLANG_WARN_STRICT_PROTOTYPES = YES;
				CLANG_WARN_SUSPICIOUS_MOVE = YES;
				CLANG_WARN_UNGUARDED_AVAILABILITY = YES_AGGRESSIVE;
				CLANG_WARN_UNREACHABLE_CODE = YES;
				CLANG_WARN__DUPLICATE_METHOD_MATCH = YES;
				CODE_SIGN_IDENTITY = "iPhone Developer";
				COPY_PHASE_STRIP = NO;
				DEBUG_INFORMATION_FORMAT = "dwarf-with-dsym";
				ENABLE_NS_ASSERTIONS = NO;
				ENABLE_STRICT_OBJC_MSGSEND = YES;
				GCC_C_LANGUAGE_STANDARD = gnu11;
				GCC_NO_COMMON_BLOCKS = YES;
				GCC_WARN_64_TO_32_BIT_CONVERSION = YES;
				GCC_WARN_ABOUT_RETURN_TYPE = YES_ERROR;
				GCC_WARN_UNDECLARED_SELECTOR = YES;
				GCC_WARN_UNINITIALIZED_AUTOS = YES_AGGRESSIVE;
				GCC_WARN_UNUSED_FUNCTION = YES;
				GCC_WARN_UNUSED_VARIABLE = YES;
				IPHONEOS_DEPLOYMENT_TARGET = 11.3;
				MTL_ENABLE_DEBUG_INFO = NO;
				SDKROOT = iphoneos;
				SWIFT_COMPILATION_MODE = wholemodule;
				SWIFT_OPTIMIZATION_LEVEL = "-O";
				VALIDATE_PRODUCT = YES;
			};
			name = Release;
		};
		70F66198209014B000B294BB /* Debug */ = {
			isa = XCBuildConfiguration;
			buildSettings = {
				ASSETCATALOG_COMPILER_APPICON_NAME = AppIcon;
				CODE_SIGN_STYLE = Automatic;
				DEVELOPMENT_TEAM = XRUZX72PMD;
				INFOPLIST_FILE = MVVM/Info.plist;
				LD_RUNPATH_SEARCH_PATHS = (
					"$(inherited)",
					"@executable_path/Frameworks",
				);
				PRODUCT_BUNDLE_IDENTIFIER = PinguDemo.MVVM;
				PRODUCT_NAME = "$(TARGET_NAME)";
				SWIFT_VERSION = 4.0;
				TARGETED_DEVICE_FAMILY = "1,2";
			};
			name = Debug;
		};
		70F66199209014B000B294BB /* Release */ = {
			isa = XCBuildConfiguration;
			buildSettings = {
				ASSETCATALOG_COMPILER_APPICON_NAME = AppIcon;
				CODE_SIGN_STYLE = Automatic;
				DEVELOPMENT_TEAM = XRUZX72PMD;
				INFOPLIST_FILE = MVVM/Info.plist;
				LD_RUNPATH_SEARCH_PATHS = (
					"$(inherited)",
					"@executable_path/Frameworks",
				);
				PRODUCT_BUNDLE_IDENTIFIER = PinguDemo.MVVM;
				PRODUCT_NAME = "$(TARGET_NAME)";
				SWIFT_VERSION = 4.0;
				TARGETED_DEVICE_FAMILY = "1,2";
			};
			name = Release;
		};
/* End XCBuildConfiguration section */

/* Begin XCConfigurationList section */
		70F66180209014AE00B294BB /* Build configuration list for PBXProject "MVVM" */ = {
			isa = XCConfigurationList;
			buildConfigurations = (
				70F66195209014B000B294BB /* Debug */,
				70F66196209014B000B294BB /* Release */,
			);
			defaultConfigurationIsVisible = 0;
			defaultConfigurationName = Release;
		};
		70F66197209014B000B294BB /* Build configuration list for PBXNativeTarget "MVVM" */ = {
			isa = XCConfigurationList;
			buildConfigurations = (
				70F66198209014B000B294BB /* Debug */,
				70F66199209014B000B294BB /* Release */,
			);
			defaultConfigurationIsVisible = 0;
			defaultConfigurationName = Release;
		};
/* End XCConfigurationList section */
	};
	rootObject = 70F6617D209014AE00B294BB /* Project object */;
}
