// !$*UTF8*$!
{
	archiveVersion = 1;
	classes = {
	};
	objectVersion = 46;
	objects = {

/* Begin PBXBuildFile section */
		7033B3811FA9A9610060D10B /* AppDelegate.swift in Sources */ = {isa = PBXBuildFile; fileRef = 7033B3801FA9A9610060D10B /* AppDelegate.swift */; };
		7033B3831FA9A9610060D10B /* ViewController.swift in Sources */ = {isa = PBXBuildFile; fileRef = 7033B3821FA9A9610060D10B /* ViewController.swift */; };
		7033B3861FA9A9610060D10B /* Main.storyboard in Resources */ = {isa = PBXBuildFile; fileRef = 7033B3841FA9A9610060D10B /* Main.storyboard */; };
		7033B3881FA9A9610060D10B /* Assets.xcassets in Resources */ = {isa = PBXBuildFile; fileRef = 7033B3871FA9A9610060D10B /* Assets.xcassets */; };
		7033B38B1FA9A9610060D10B /* LaunchScreen.storyboard in Resources */ = {isa = PBXBuildFile; fileRef = 7033B3891FA9A9610060D10B /* LaunchScreen.storyboard */; };
		7033B3931FAF2FEA0060D10B /* AboutViewController.swift in Sources */ = {isa = PBXBuildFile; fileRef = 7033B3921FAF2FEA0060D10B /* AboutViewController.swift */; };
		7033B3951FB0720B0060D10B /* BullsEye.html in Resources */ = {isa = PBXBuildFile; fileRef = 7033B3941FB0720B0060D10B /* BullsEye.html */; };
		EA63359CE24BF3F26981356B /* GameControl.swift in Sources */ = {isa = PBXBuildFile; fileRef = EA63314F118C2897C2DE667D /* GameControl.swift */; };
/* End PBXBuildFile section */

/* Begin PBXFileReference section */
		7033B37D1FA9A9610060D10B /* BullsEye.app */ = {isa = PBXFileReference; explicitFileType = wrapper.application; includeInIndex = 0; path = BullsEye.app; sourceTree = BUILT_PRODUCTS_DIR; };
		7033B3801FA9A9610060D10B /* AppDelegate.swift */ = {isa = PBXFileReference; lastKnownFileType = sourcecode.swift; path = AppDelegate.swift; sourceTree = "<group>"; };
		7033B3821FA9A9610060D10B /* ViewController.swift */ = {isa = PBXFileReference; lastKnownFileType = sourcecode.swift; path = ViewController.swift; sourceTree = "<group>"; };
		7033B3851FA9A9610060D10B /* Base */ = {isa = PBXFileReference; lastKnownFileType = file.storyboard; name = Base; path = Base.lproj/Main.storyboard; sourceTree = "<group>"; };
		7033B3871FA9A9610060D10B /* Assets.xcassets */ = {isa = PBXFileReference; lastKnownFileType = folder.assetcatalog; path = Assets.xcassets; sourceTree = "<group>"; };
		7033B38A1FA9A9610060D10B /* Base */ = {isa = PBXFileReference; lastKnownFileType = file.storyboard; name = Base; path = Base.lproj/LaunchScreen.storyboard; sourceTree = "<group>"; };
		7033B38C1FA9A9610060D10B /* Info.plist */ = {isa = PBXFileReference; lastKnownFileType = text.plist.xml; path = Info.plist; sourceTree = "<group>"; };
		7033B3921FAF2FEA0060D10B /* AboutViewController.swift */ = {isa = PBXFileReference; fileEncoding = 4; lastKnownFileType = sourcecode.swift; path = AboutViewController.swift; sourceTree = "<group>"; };
		7033B3941FB0720B0060D10B /* BullsEye.html */ = {isa = PBXFileReference; fileEncoding = 4; lastKnownFileType = text.html; path = BullsEye.html; sourceTree = "<group>"; };
		EA63314F118C2897C2DE667D /* GameControl.swift */ = {isa = PBXFileReference; fileEncoding = 4; lastKnownFileType = sourcecode.swift; path = GameControl.swift; sourceTree = "<group>"; };
/* End PBXFileReference section */

/* Begin PBXFrameworksBuildPhase section */
		7033B37A1FA9A9610060D10B /* Frameworks */ = {
			isa = PBXFrameworksBuildPhase;
			buildActionMask = 2147483647;
			files = (
			);
			runOnlyForDeploymentPostprocessing = 0;
		};
/* End PBXFrameworksBuildPhase section */

/* Begin PBXGroup section */
		70021F182029A324000CBE00 /* Model */ = {
			isa = PBXGroup;
			children = (
				EA63314F118C2897C2DE667D /* GameControl.swift */,
			);
			path = Model;
			sourceTree = "<group>";
		};
		70021F192029A32B000CBE00 /* View */ = {
			isa = PBXGroup;
			children = (
				7033B3841FA9A9610060D10B /* Main.storyboard */,
			);
			path = View;
			sourceTree = "<group>";
		};
		70021F1A2029A335000CBE00 /* Controller */ = {
			isa = PBXGroup;
			children = (
				7033B3821FA9A9610060D10B /* ViewController.swift */,
			);
			path = Controller;
			sourceTree = "<group>";
		};
		70021F1B2029A74B000CBE00 /* MainView */ = {
			isa = PBXGroup;
			children = (
				70021F182029A324000CBE00 /* Model */,
				70021F192029A32B000CBE00 /* View */,
				70021F1A2029A335000CBE00 /* Controller */,
			);
			path = MainView;
			sourceTree = "<group>";
		};
		70021F1C2029A80A000CBE00 /* InfoView */ = {
			isa = PBXGroup;
			children = (
				7033B3921FAF2FEA0060D10B /* AboutViewController.swift */,
			);
			path = InfoView;
			sourceTree = "<group>";
		};
		7033B3741FA9A9610060D10B = {
			isa = PBXGroup;
			children = (
				7033B37F1FA9A9610060D10B /* BullsEye */,
				7033B37E1FA9A9610060D10B /* Products */,
			);
			sourceTree = "<group>";
		};
		7033B37E1FA9A9610060D10B /* Products */ = {
			isa = PBXGroup;
			children = (
				7033B37D1FA9A9610060D10B /* BullsEye.app */,
			);
			name = Products;
			sourceTree = "<group>";
		};
		7033B37F1FA9A9610060D10B /* BullsEye */ = {
			isa = PBXGroup;
			children = (
				70021F1C2029A80A000CBE00 /* InfoView */,
				70021F1B2029A74B000CBE00 /* MainView */,
				7033B3941FB0720B0060D10B /* BullsEye.html */,
				7033B3801FA9A9610060D10B /* AppDelegate.swift */,
				7033B3871FA9A9610060D10B /* Assets.xcassets */,
				7033B3891FA9A9610060D10B /* LaunchScreen.storyboard */,
				7033B38C1FA9A9610060D10B /* Info.plist */,
			);
			path = BullsEye;
			sourceTree = "<group>";
		};
/* End PBXGroup section */

/* Begin PBXNativeTarget section */
		7033B37C1FA9A9610060D10B /* BullsEye */ = {
			isa = PBXNativeTarget;
			buildConfigurationList = 7033B38F1FA9A9610060D10B /* Build configuration list for PBXNativeTarget "BullsEye" */;
			buildPhases = (
				7033B3791FA9A9610060D10B /* Sources */,
				7033B37A1FA9A9610060D10B /* Frameworks */,
				7033B37B1FA9A9610060D10B /* Resources */,
			);
			buildRules = (
			);
			dependencies = (
			);
			name = BullsEye;
			productName = BullsEye;
			productReference = 7033B37D1FA9A9610060D10B /* BullsEye.app */;
			productType = "com.apple.product-type.application";
		};
/* End PBXNativeTarget section */

/* Begin PBXProject section */
		7033B3751FA9A9610060D10B /* Project object */ = {
			isa = PBXProject;
			attributes = {
				LastSwiftUpdateCheck = 0820;
				LastUpgradeCheck = 0910;
				ORGANIZATIONNAME = PinguMac;
				TargetAttributes = {
					7033B37C1FA9A9610060D10B = {
						CreatedOnToolsVersion = 8.2.1;
						DevelopmentTeam = XRUZX72PMD;
						LastSwiftMigration = 0910;
						ProvisioningStyle = Automatic;
					};
				};
			};
			buildConfigurationList = 7033B3781FA9A9610060D10B /* Build configuration list for PBXProject "BullsEye" */;
			compatibilityVersion = "Xcode 3.2";
			developmentRegion = English;
			hasScannedForEncodings = 0;
			knownRegions = (
				en,
				Base,
			);
			mainGroup = 7033B3741FA9A9610060D10B;
			productRefGroup = 7033B37E1FA9A9610060D10B /* Products */;
			projectDirPath = "";
			projectRoot = "";
			targets = (
				7033B37C1FA9A9610060D10B /* BullsEye */,
			);
		};
/* End PBXProject section */

/* Begin PBXResourcesBuildPhase section */
		7033B37B1FA9A9610060D10B /* Resources */ = {
			isa = PBXResourcesBuildPhase;
			buildActionMask = 2147483647;
			files = (
				7033B38B1FA9A9610060D10B /* LaunchScreen.storyboard in Resources */,
				7033B3951FB0720B0060D10B /* BullsEye.html in Resources */,
				7033B3881FA9A9610060D10B /* Assets.xcassets in Resources */,
				7033B3861FA9A9610060D10B /* Main.storyboard in Resources */,
			);
			runOnlyForDeploymentPostprocessing = 0;
		};
/* End PBXResourcesBuildPhase section */

/* Begin PBXSourcesBuildPhase section */
		7033B3791FA9A9610060D10B /* Sources */ = {
			isa = PBXSourcesBuildPhase;
			buildActionMask = 2147483647;
			files = (
				7033B3931FAF2FEA0060D10B /* AboutViewController.swift in Sources */,
				7033B3831FA9A9610060D10B /* ViewController.swift in Sources */,
				7033B3811FA9A9610060D10B /* AppDelegate.swift in Sources */,
				EA63359CE24BF3F26981356B /* GameControl.swift in Sources */,
			);
			runOnlyForDeploymentPostprocessing = 0;
		};
/* End PBXSourcesBuildPhase section */

/* Begin PBXVariantGroup section */
		7033B3841FA9A9610060D10B /* Main.storyboard */ = {
			isa = PBXVariantGroup;
			children = (
				7033B3851FA9A9610060D10B /* Base */,
			);
			name = Main.storyboard;
			sourceTree = "<group>";
		};
		7033B3891FA9A9610060D10B /* LaunchScreen.storyboard */ = {
			isa = PBXVariantGroup;
			children = (
				7033B38A1FA9A9610060D10B /* Base */,
			);
			name = LaunchScreen.storyboard;
			sourceTree = "<group>";
		};
/* End PBXVariantGroup section */

/* Begin XCBuildConfiguration section */
		7033B38D1FA9A9610060D10B /* Debug */ = {
			isa = XCBuildConfiguration;
			buildSettings = {
				ALWAYS_SEARCH_USER_PATHS = NO;
				CLANG_ANALYZER_NONNULL = YES;
				CLANG_CXX_LANGUAGE_STANDARD = "gnu++0x";
				CLANG_CXX_LIBRARY = "libc++";
				CLANG_ENABLE_MODULES = YES;
				CLANG_ENABLE_OBJC_ARC = YES;
				CLANG_WARN_BLOCK_CAPTURE_AUTORELEASING = YES;
				CLANG_WARN_BOOL_CONVERSION = YES;
				CLANG_WARN_COMMA = YES;
				CLANG_WARN_CONSTANT_CONVERSION = YES;
				CLANG_WARN_DIRECT_OBJC_ISA_USAGE = YES_ERROR;
				CLANG_WARN_DOCUMENTATION_COMMENTS = YES;
				CLANG_WARN_EMPTY_BODY = YES;
				CLANG_WARN_ENUM_CONVERSION = YES;
				CLANG_WARN_INFINITE_RECURSION = YES;
				CLANG_WARN_INT_CONVERSION = YES;
				CLANG_WARN_NON_LITERAL_NULL_CONVERSION = YES;
				CLANG_WARN_OBJC_LITERAL_CONVERSION = YES;
				CLANG_WARN_OBJC_ROOT_CLASS = YES_ERROR;
				CLANG_WARN_RANGE_LOOP_ANALYSIS = YES;
				CLANG_WARN_STRICT_PROTOTYPES = YES;
				CLANG_WARN_SUSPICIOUS_MOVE = YES;
				CLANG_WARN_UNREACHABLE_CODE = YES;
				CLANG_WARN__DUPLICATE_METHOD_MATCH = YES;
				"CODE_SIGN_IDENTITY[sdk=iphoneos*]" = "iPhone Developer";
				COPY_PHASE_STRIP = NO;
				DEBUG_INFORMATION_FORMAT = dwarf;
				ENABLE_STRICT_OBJC_MSGSEND = YES;
				ENABLE_TESTABILITY = YES;
				GCC_C_LANGUAGE_STANDARD = gnu99;
				GCC_DYNAMIC_NO_PIC = NO;
				GCC_NO_COMMON_BLOCKS = YES;
				GCC_OPTIMIZATION_LEVEL = 0;
				GCC_PREPROCESSOR_DEFINITIONS = (
					"DEBUG=1",
					"$(inherited)",
				);
				GCC_WARN_64_TO_32_BIT_CONVERSION = YES;
				GCC_WARN_ABOUT_RETURN_TYPE = YES_ERROR;
				GCC_WARN_UNDECLARED_SELECTOR = YES;
				GCC_WARN_UNINITIALIZED_AUTOS = YES_AGGRESSIVE;
				GCC_WARN_UNUSED_FUNCTION = YES;
				GCC_WARN_UNUSED_VARIABLE = YES;
				IPHONEOS_DEPLOYMENT_TARGET = 11.1;
				MTL_ENABLE_DEBUG_INFO = YES;
				ONLY_ACTIVE_ARCH = YES;
				SDKROOT = iphoneos;
				SWIFT_ACTIVE_COMPILATION_CONDITIONS = DEBUG;
				SWIFT_OPTIMIZATION_LEVEL = "-Onone";
				TARGETED_DEVICE_FAMILY = "1,2";
			};
			name = Debug;
		};
		7033B38E1FA9A9610060D10B /* Release */ = {
			isa = XCBuildConfiguration;
			buildSettings = {
				ALWAYS_SEARCH_USER_PATHS = NO;
				CLANG_ANALYZER_NONNULL = YES;
				CLANG_CXX_LANGUAGE_STANDARD = "gnu++0x";
				CLANG_CXX_LIBRARY = "libc++";
				CLANG_ENABLE_MODULES = YES;
				CLANG_ENABLE_OBJC_ARC = YES;
				CLANG_WARN_BLOCK_CAPTURE_AUTORELEASING = YES;
				CLANG_WARN_BOOL_CONVERSION = YES;
				CLANG_WARN_COMMA = YES;
				CLANG_WARN_CONSTANT_CONVERSION = YES;
				CLANG_WARN_DIRECT_OBJC_ISA_USAGE = YES_ERROR;
				CLANG_WARN_DOCUMENTATION_COMMENTS = YES;
				CLANG_WARN_EMPTY_BODY = YES;
				CLANG_WARN_ENUM_CONVERSION = YES;
				CLANG_WARN_INFINITE_RECURSION = YES;
				CLANG_WARN_INT_CONVERSION = YES;
				CLANG_WARN_NON_LITERAL_NULL_CONVERSION = YES;
				CLANG_WARN_OBJC_LITERAL_CONVERSION = YES;
				CLANG_WARN_OBJC_ROOT_CLASS = YES_ERROR;
				CLANG_WARN_RANGE_LOOP_ANALYSIS = YES;
				CLANG_WARN_STRICT_PROTOTYPES = YES;
				CLANG_WARN_SUSPICIOUS_MOVE = YES;
				CLANG_WARN_UNREACHABLE_CODE = YES;
				CLANG_WARN__DUPLICATE_METHOD_MATCH = YES;
				"CODE_SIGN_IDENTITY[sdk=iphoneos*]" = "iPhone Developer";
				COPY_PHASE_STRIP = NO;
				DEBUG_INFORMATION_FORMAT = "dwarf-with-dsym";
				ENABLE_NS_ASSERTIONS = NO;
				ENABLE_STRICT_OBJC_MSGSEND = YES;
				GCC_C_LANGUAGE_STANDARD = gnu99;
				GCC_NO_COMMON_BLOCKS = YES;
				GCC_WARN_64_TO_32_BIT_CONVERSION = YES;
				GCC_WARN_ABOUT_RETURN_TYPE = YES_ERROR;
				GCC_WARN_UNDECLARED_SELECTOR = YES;
				GCC_WARN_UNINITIALIZED_AUTOS = YES_AGGRESSIVE;
				GCC_WARN_UNUSED_FUNCTION = YES;
				GCC_WARN_UNUSED_VARIABLE = YES;
				IPHONEOS_DEPLOYMENT_TARGET = 11.1;
				MTL_ENABLE_DEBUG_INFO = NO;
				SDKROOT = iphoneos;
				SWIFT_OPTIMIZATION_LEVEL = "-Owholemodule";
				TARGETED_DEVICE_FAMILY = "1,2";
				VALIDATE_PRODUCT = YES;
			};
			name = Release;
		};
		7033B3901FA9A9610060D10B /* Debug */ = {
			isa = XCBuildConfiguration;
			buildSettings = {
				ASSETCATALOG_COMPILER_APPICON_NAME = AppIcon;
				"CODE_SIGN_IDENTITY[sdk=iphoneos*]" = "iPhone Developer";
				CODE_SIGN_STYLE = Automatic;
				DEVELOPMENT_TEAM = XRUZX72PMD;
				INFOPLIST_FILE = BullsEye/Info.plist;
				LD_RUNPATH_SEARCH_PATHS = "$(inherited) @executable_path/Frameworks";
				PRODUCT_BUNDLE_IDENTIFIER = PinguDemo.BullsEye;
				PRODUCT_NAME = "$(TARGET_NAME)";
				PROVISIONING_PROFILE_SPECIFIER = "";
				SWIFT_SWIFT3_OBJC_INFERENCE = On;
				SWIFT_VERSION = 4.0;
				TARGETED_DEVICE_FAMILY = "1,2";
			};
			name = Debug;
		};
		7033B3911FA9A9610060D10B /* Release */ = {
			isa = XCBuildConfiguration;
			buildSettings = {
				ASSETCATALOG_COMPILER_APPICON_NAME = AppIcon;
				"CODE_SIGN_IDENTITY[sdk=iphoneos*]" = "iPhone Developer";
				CODE_SIGN_STYLE = Automatic;
				DEVELOPMENT_TEAM = XRUZX72PMD;
				INFOPLIST_FILE = BullsEye/Info.plist;
				LD_RUNPATH_SEARCH_PATHS = "$(inherited) @executable_path/Frameworks";
				PRODUCT_BUNDLE_IDENTIFIER = PinguDemo.BullsEye;
				PRODUCT_NAME = "$(TARGET_NAME)";
				PROVISIONING_PROFILE_SPECIFIER = "";
				SWIFT_SWIFT3_OBJC_INFERENCE = On;
				SWIFT_VERSION = 4.0;
				TARGETED_DEVICE_FAMILY = "1,2";
			};
			name = Release;
		};
/* End XCBuildConfiguration section */

/* Begin XCConfigurationList section */
		7033B3781FA9A9610060D10B /* Build configuration list for PBXProject "BullsEye" */ = {
			isa = XCConfigurationList;
			buildConfigurations = (
				7033B38D1FA9A9610060D10B /* Debug */,
				7033B38E1FA9A9610060D10B /* Release */,
			);
			defaultConfigurationIsVisible = 0;
			defaultConfigurationName = Release;
		};
		7033B38F1FA9A9610060D10B /* Build configuration list for PBXNativeTarget "BullsEye" */ = {
			isa = XCConfigurationList;
			buildConfigurations = (
				7033B3901FA9A9610060D10B /* Debug */,
				7033B3911FA9A9610060D10B /* Release */,
			);
			defaultConfigurationIsVisible = 0;
			defaultConfigurationName = Release;
		};
/* End XCConfigurationList section */
	};
	rootObject = 7033B3751FA9A9610060D10B /* Project object */;
}
